// !$*UTF8*$!
{
	archiveVersion = 1;
	classes = {
	};
	objectVersion = 56;
	objects = {

/* Begin PBXBuildFile section */
		E137DE8B29AF361000341087 /* 58.png in Resources */ = {isa = PBXBuildFile; fileRef = E137DE8A29AF361000341087 /* 58.png */; };
		E137DE8D29AF363D00341087 /* 60.png in Resources */ = {isa = PBXBuildFile; fileRef = E137DE8C29AF363D00341087 /* 60.png */; };
		E175BBAD29AE093200F503DC /* AppDelegate.swift in Sources */ = {isa = PBXBuildFile; fileRef = E175BBAC29AE093200F503DC /* AppDelegate.swift */; };
		E175BBAF29AE093200F503DC /* SceneDelegate.swift in Sources */ = {isa = PBXBuildFile; fileRef = E175BBAE29AE093200F503DC /* SceneDelegate.swift */; };
		E175BBB129AE093200F503DC /* ViewController.swift in Sources */ = {isa = PBXBuildFile; fileRef = E175BBB029AE093200F503DC /* ViewController.swift */; };
		E175BBB429AE093200F503DC /* Main.storyboard in Resources */ = {isa = PBXBuildFile; fileRef = E175BBB229AE093200F503DC /* Main.storyboard */; };
		E175BBB629AE093300F503DC /* Assets.xcassets in Resources */ = {isa = PBXBuildFile; fileRef = E175BBB529AE093300F503DC /* Assets.xcassets */; };
		E175BBB929AE093300F503DC /* LaunchScreen.storyboard in Resources */ = {isa = PBXBuildFile; fileRef = E175BBB729AE093300F503DC /* LaunchScreen.storyboard */; };
/* End PBXBuildFile section */

/* Begin PBXFileReference section */
		E137DE8A29AF361000341087 /* 58.png */ = {isa = PBXFileReference; lastKnownFileType = image.png; path = 58.png; sourceTree = "<group>"; };
		E137DE8C29AF363D00341087 /* 60.png */ = {isa = PBXFileReference; lastKnownFileType = image.png; path = 60.png; sourceTree = "<group>"; };
		E175BBA929AE093200F503DC /* DisplayingStaticLocationWithMapTypes.app */ = {isa = PBXFileReference; explicitFileType = wrapper.application; includeInIndex = 0; path = DisplayingStaticLocationWithMapTypes.app; sourceTree = BUILT_PRODUCTS_DIR; };
		E175BBAC29AE093200F503DC /* AppDelegate.swift */ = {isa = PBXFileReference; lastKnownFileType = sourcecode.swift; path = AppDelegate.swift; sourceTree = "<group>"; };
		E175BBAE29AE093200F503DC /* SceneDelegate.swift */ = {isa = PBXFileReference; lastKnownFileType = sourcecode.swift; path = SceneDelegate.swift; sourceTree = "<group>"; };
		E175BBB029AE093200F503DC /* ViewController.swift */ = {isa = PBXFileReference; lastKnownFileType = sourcecode.swift; path = ViewController.swift; sourceTree = "<group>"; };
		E175BBB329AE093200F503DC /* Base */ = {isa = PBXFileReference; lastKnownFileType = file.storyboard; name = Base; path = Base.lproj/Main.storyboard; sourceTree = "<group>"; };
		E175BBB529AE093300F503DC /* Assets.xcassets */ = {isa = PBXFileReference; lastKnownFileType = folder.assetcatalog; path = Assets.xcassets; sourceTree = "<group>"; };
		E175BBB829AE093300F503DC /* Base */ = {isa = PBXFileReference; lastKnownFileType = file.storyboard; name = Base; path = Base.lproj/LaunchScreen.storyboard; sourceTree = "<group>"; };
		E175BBBA29AE093300F503DC /* Info.plist */ = {isa = PBXFileReference; lastKnownFileType = text.plist.xml; path = Info.plist; sourceTree = "<group>"; };
/* End PBXFileReference section */

/* Begin PBXFrameworksBuildPhase section */
		E175BBA629AE093200F503DC /* Frameworks */ = {
			isa = PBXFrameworksBuildPhase;
			buildActionMask = 2147483647;
			files = (
			);
			runOnlyForDeploymentPostprocessing = 0;
		};
/* End PBXFrameworksBuildPhase section */

/* Begin PBXGroup section */
		E175BBA029AE093200F503DC = {
			isa = PBXGroup;
			children = (
				E175BBAB29AE093200F503DC /* DisplayingStaticLocationWithMapTypes */,
				E175BBAA29AE093200F503DC /* Products */,
			);
			sourceTree = "<group>";
		};
		E175BBAA29AE093200F503DC /* Products */ = {
			isa = PBXGroup;
			children = (
				E175BBA929AE093200F503DC /* DisplayingStaticLocationWithMapTypes.app */,
			);
			name = Products;
			sourceTree = "<group>";
		};
		E175BBAB29AE093200F503DC /* DisplayingStaticLocationWithMapTypes */ = {
			isa = PBXGroup;
			children = (
				E175BBAC29AE093200F503DC /* AppDelegate.swift */,
				E175BBAE29AE093200F503DC /* SceneDelegate.swift */,
				E175BBB029AE093200F503DC /* ViewController.swift */,
				E175BBB229AE093200F503DC /* Main.storyboard */,
				E175BBB529AE093300F503DC /* Assets.xcassets */,
				E175BBB729AE093300F503DC /* LaunchScreen.storyboard */,
				E175BBBA29AE093300F503DC /* Info.plist */,
				E137DE8A29AF361000341087 /* 58.png */,
				E137DE8C29AF363D00341087 /* 60.png */,
			);
			path = DisplayingStaticLocationWithMapTypes;
			sourceTree = "<group>";
		};
/* End PBXGroup section */

/* Begin PBXNativeTarget section */
		E175BBA829AE093200F503DC /* DisplayingStaticLocationWithMapTypes */ = {
			isa = PBXNativeTarget;
			buildConfigurationList = E175BBBD29AE093300F503DC /* Build configuration list for PBXNativeTarget "DisplayingStaticLocationWithMapTypes" */;
			buildPhases = (
				E175BBA529AE093200F503DC /* Sources */,
				E175BBA629AE093200F503DC /* Frameworks */,
				E175BBA729AE093200F503DC /* Resources */,
			);
			buildRules = (
			);
			dependencies = (
			);
			name = DisplayingStaticLocationWithMapTypes;
			productName = DisplayingStaticLocationWithMapTypes;
			productReference = E175BBA929AE093200F503DC /* DisplayingStaticLocationWithMapTypes.app */;
			productType = "com.apple.product-type.application";
		};
/* End PBXNativeTarget section */

/* Begin PBXProject section */
		E175BBA129AE093200F503DC /* Project object */ = {
			isa = PBXProject;
			attributes = {
				BuildIndependentTargetsInParallel = 1;
				LastSwiftUpdateCheck = 1400;
				LastUpgradeCheck = 1400;
				TargetAttributes = {
					E175BBA829AE093200F503DC = {
						CreatedOnToolsVersion = 14.0.1;
					};
				};
			};
			buildConfigurationList = E175BBA429AE093200F503DC /* Build configuration list for PBXProject "DisplayingStaticLocationWithMapTypes" */;
			compatibilityVersion = "Xcode 14.0";
			developmentRegion = en;
			hasScannedForEncodings = 0;
			knownRegions = (
				en,
				Base,
			);
			mainGroup = E175BBA029AE093200F503DC;
			productRefGroup = E175BBAA29AE093200F503DC /* Products */;
			projectDirPath = "";
			projectRoot = "";
			targets = (
				E175BBA829AE093200F503DC /* DisplayingStaticLocationWithMapTypes */,
			);
		};
/* End PBXProject section */

/* Begin PBXResourcesBuildPhase section */
		E175BBA729AE093200F503DC /* Resources */ = {
			isa = PBXResourcesBuildPhase;
			buildActionMask = 2147483647;
			files = (
				E137DE8D29AF363D00341087 /* 60.png in Resources */,
				E175BBB929AE093300F503DC /* LaunchScreen.storyboard in Resources */,
				E175BBB629AE093300F503DC /* Assets.xcassets in Resources */,
				E137DE8B29AF361000341087 /* 58.png in Resources */,
				E175BBB429AE093200F503DC /* Main.storyboard in Resources */,
			);
			runOnlyForDeploymentPostprocessing = 0;
		};
/* End PBXResourcesBuildPhase section */

/* Begin PBXSourcesBuildPhase section */
		E175BBA529AE093200F503DC /* Sources */ = {
			isa = PBXSourcesBuildPhase;
			buildActionMask = 2147483647;
			files = (
				E175BBB129AE093200F503DC /* ViewController.swift in Sources */,
				E175BBAD29AE093200F503DC /* AppDelegate.swift in Sources */,
				E175BBAF29AE093200F503DC /* SceneDelegate.swift in Sources */,
			);
			runOnlyForDeploymentPostprocessing = 0;
		};
/* End PBXSourcesBuildPhase section */

/* Begin PBXVariantGroup section */
		E175BBB229AE093200F503DC /* Main.storyboard */ = {
			isa = PBXVariantGroup;
			children = (
				E175BBB329AE093200F503DC /* Base */,
			);
			name = Main.storyboard;
			sourceTree = "<group>";
		};
		E175BBB729AE093300F503DC /* LaunchScreen.storyboard */ = {
			isa = PBXVariantGroup;
			children = (
				E175BBB829AE093300F503DC /* Base */,
			);
			name = LaunchScreen.storyboard;
			sourceTree = "<group>";
		};
/* End PBXVariantGroup section */

/* Begin XCBuildConfiguration section */
		E175BBBB29AE093300F503DC /* Debug */ = {
			isa = XCBuildConfiguration;
			buildSettings = {
				ALWAYS_SEARCH_USER_PATHS = NO;
				CLANG_ANALYZER_NONNULL = YES;
				CLANG_ANALYZER_NUMBER_OBJECT_CONVERSION = YES_AGGRESSIVE;
				CLANG_CXX_LANGUAGE_STANDARD = "gnu++20";
				CLANG_ENABLE_MODULES = YES;
				CLANG_ENABLE_OBJC_ARC = YES;
				CLANG_ENABLE_OBJC_WEAK = YES;
				CLANG_WARN_BLOCK_CAPTURE_AUTORELEASING = YES;
				CLANG_WARN_BOOL_CONVERSION = YES;
				CLANG_WARN_COMMA = YES;
				CLANG_WARN_CONSTANT_CONVERSION = YES;
				CLANG_WARN_DEPRECATED_OBJC_IMPLEMENTATIONS = YES;
				CLANG_WARN_DIRECT_OBJC_ISA_USAGE = YES_ERROR;
				CLANG_WARN_DOCUMENTATION_COMMENTS = YES;
				CLANG_WARN_EMPTY_BODY = YES;
				CLANG_WARN_ENUM_CONVERSION = YES;
				CLANG_WARN_INFINITE_RECURSION = YES;
				CLANG_WARN_INT_CONVERSION = YES;
				CLANG_WARN_NON_LITERAL_NULL_CONVERSION = YES;
				CLANG_WARN_OBJC_IMPLICIT_RETAIN_SELF = YES;
				CLANG_WARN_OBJC_LITERAL_CONVERSION = YES;
				CLANG_WARN_OBJC_ROOT_CLASS = YES_ERROR;
				CLANG_WARN_QUOTED_INCLUDE_IN_FRAMEWORK_HEADER = YES;
				CLANG_WARN_RANGE_LOOP_ANALYSIS = YES;
				CLANG_WARN_STRICT_PROTOTYPES = YES;
				CLANG_WARN_SUSPICIOUS_MOVE = YES;
				CLANG_WARN_UNGUARDED_AVAILABILITY = YES_AGGRESSIVE;
				CLANG_WARN_UNREACHABLE_CODE = YES;
				CLANG_WARN__DUPLICATE_METHOD_MATCH = YES;
				COPY_PHASE_STRIP = NO;
				DEBUG_INFORMATION_FORMAT = dwarf;
				ENABLE_STRICT_OBJC_MSGSEND = YES;
				ENABLE_TESTABILITY = YES;
				GCC_C_LANGUAGE_STANDARD = gnu11;
				GCC_DYNAMIC_NO_PIC = NO;
				GCC_NO_COMMON_BLOCKS = YES;
				GCC_OPTIMIZATION_LEVEL = 0;
				GCC_PREPROCESSOR_DEFINITIONS = (
					"DEBUG=1",
					"$(inherited)",
				);
				GCC_WARN_64_TO_32_BIT_CONVERSION = YES;
				GCC_WARN_ABOUT_RETURN_TYPE = YES_ERROR;
				GCC_WARN_UNDECLARED_SELECTOR = YES;
				GCC_WARN_UNINITIALIZED_AUTOS = YES_AGGRESSIVE;
				GCC_WARN_UNUSED_FUNCTION = YES;
				GCC_WARN_UNUSED_VARIABLE = YES;
				IPHONEOS_DEPLOYMENT_TARGET = 16.0;
				MTL_ENABLE_DEBUG_INFO = INCLUDE_SOURCE;
				MTL_FAST_MATH = YES;
				ONLY_ACTIVE_ARCH = YES;
				SDKROOT = iphoneos;
				SWIFT_ACTIVE_COMPILATION_CONDITIONS = DEBUG;
				SWIFT_OPTIMIZATION_LEVEL = "-Onone";
			};
			name = Debug;
		};
		E175BBBC29AE093300F503DC /* Release */ = {
			isa = XCBuildConfiguration;
			buildSettings = {
				ALWAYS_SEARCH_USER_PATHS = NO;
				CLANG_ANALYZER_NONNULL = YES;
				CLANG_ANALYZER_NUMBER_OBJECT_CONVERSION = YES_AGGRESSIVE;
				CLANG_CXX_LANGUAGE_STANDARD = "gnu++20";
				CLANG_ENABLE_MODULES = YES;
				CLANG_ENABLE_OBJC_ARC = YES;
				CLANG_ENABLE_OBJC_WEAK = YES;
				CLANG_WARN_BLOCK_CAPTURE_AUTORELEASING = YES;
				CLANG_WARN_BOOL_CONVERSION = YES;
				CLANG_WARN_COMMA = YES;
				CLANG_WARN_CONSTANT_CONVERSION = YES;
				CLANG_WARN_DEPRECATED_OBJC_IMPLEMENTATIONS = YES;
				CLANG_WARN_DIRECT_OBJC_ISA_USAGE = YES_ERROR;
				CLANG_WARN_DOCUMENTATION_COMMENTS = YES;
				CLANG_WARN_EMPTY_BODY = YES;
				CLANG_WARN_ENUM_CONVERSION = YES;
				CLANG_WARN_INFINITE_RECURSION = YES;
				CLANG_WARN_INT_CONVERSION = YES;
				CLANG_WARN_NON_LITERAL_NULL_CONVERSION = YES;
				CLANG_WARN_OBJC_IMPLICIT_RETAIN_SELF = YES;
				CLANG_WARN_OBJC_LITERAL_CONVERSION = YES;
				CLANG_WARN_OBJC_ROOT_CLASS = YES_ERROR;
				CLANG_WARN_QUOTED_INCLUDE_IN_FRAMEWORK_HEADER = YES;
				CLANG_WARN_RANGE_LOOP_ANALYSIS = YES;
				CLANG_WARN_STRICT_PROTOTYPES = YES;
				CLANG_WARN_SUSPICIOUS_MOVE = YES;
				CLANG_WARN_UNGUARDED_AVAILABILITY = YES_AGGRESSIVE;
				CLANG_WARN_UNREACHABLE_CODE = YES;
				CLANG_WARN__DUPLICATE_METHOD_MATCH = YES;
				COPY_PHASE_STRIP = NO;
				DEBUG_INFORMATION_FORMAT = "dwarf-with-dsym";
				ENABLE_NS_ASSERTIONS = NO;
				ENABLE_STRICT_OBJC_MSGSEND = YES;
				GCC_C_LANGUAGE_STANDARD = gnu11;
				GCC_NO_COMMON_BLOCKS = YES;
				GCC_WARN_64_TO_32_BIT_CONVERSION = YES;
				GCC_WARN_ABOUT_RETURN_TYPE = YES_ERROR;
				GCC_WARN_UNDECLARED_SELECTOR = YES;
				GCC_WARN_UNINITIALIZED_AUTOS = YES_AGGRESSIVE;
				GCC_WARN_UNUSED_FUNCTION = YES;
				GCC_WARN_UNUSED_VARIABLE = YES;
				IPHONEOS_DEPLOYMENT_TARGET = 16.0;
				MTL_ENABLE_DEBUG_INFO = NO;
				MTL_FAST_MATH = YES;
				SDKROOT = iphoneos;
				SWIFT_COMPILATION_MODE = wholemodule;
				SWIFT_OPTIMIZATION_LEVEL = "-O";
				VALIDATE_PRODUCT = YES;
			};
			name = Release;
		};
		E175BBBE29AE093300F503DC /* Debug */ = {
			isa = XCBuildConfiguration;
			buildSettings = {
				ASSETCATALOG_COMPILER_APPICON_NAME = AppIcon;
				ASSETCATALOG_COMPILER_GLOBAL_ACCENT_COLOR_NAME = AccentColor;
				CODE_SIGN_STYLE = Automatic;
				CURRENT_PROJECT_VERSION = 1;
				GENERATE_INFOPLIST_FILE = YES;
				INFOPLIST_FILE = DisplayingStaticLocationWithMapTypes/Info.plist;
				INFOPLIST_KEY_UIApplicationSupportsIndirectInputEvents = YES;
				INFOPLIST_KEY_UILaunchStoryboardName = LaunchScreen;
				INFOPLIST_KEY_UIMainStoryboardFile = Main;
				INFOPLIST_KEY_UISupportedInterfaceOrientations_iPad = "UIInterfaceOrientationPortrait UIInterfaceOrientationPortraitUpsideDown UIInterfaceOrientationLandscapeLeft UIInterfaceOrientationLandscapeRight";
				INFOPLIST_KEY_UISupportedInterfaceOrientations_iPhone = "UIInterfaceOrientationPortrait UIInterfaceOrientationLandscapeLeft UIInterfaceOrientationLandscapeRight";
				LD_RUNPATH_SEARCH_PATHS = (
					"$(inherited)",
					"@executable_path/Frameworks",
				);
				MARKETING_VERSION = 1.0;
				PRODUCT_BUNDLE_IDENTIFIER = INNOVAPPTIVE.DisplayingStaticLocationWithMapTypes;
				PRODUCT_NAME = "$(TARGET_NAME)";
				SWIFT_EMIT_LOC_STRINGS = YES;
				SWIFT_VERSION = 5.0;
				TARGETED_DEVICE_FAMILY = "1,2";
			};
			name = Debug;
		};
		E175BBBF29AE093300F503DC /* Release */ = {
			isa = XCBuildConfiguration;
			buildSettings = {
				ASSETCATALOG_COMPILER_APPICON_NAME = AppIcon;
				ASSETCATALOG_COMPILER_GLOBAL_ACCENT_COLOR_NAME = AccentColor;
				CODE_SIGN_STYLE = Automatic;
				CURRENT_PROJECT_VERSION = 1;
				GENERATE_INFOPLIST_FILE = YES;
				INFOPLIST_FILE = DisplayingStaticLocationWithMapTypes/Info.plist;
				INFOPLIST_KEY_UIApplicationSupportsIndirectInputEvents = YES;
				INFOPLIST_KEY_UILaunchStoryboardName = LaunchScreen;
				INFOPLIST_KEY_UIMainStoryboardFile = Main;
				INFOPLIST_KEY_UISupportedInterfaceOrientations_iPad = "UIInterfaceOrientationPortrait UIInterfaceOrientationPortraitUpsideDown UIInterfaceOrientationLandscapeLeft UIInterfaceOrientationLandscapeRight";
				INFOPLIST_KEY_UISupportedInterfaceOrientations_iPhone = "UIInterfaceOrientationPortrait UIInterfaceOrientationLandscapeLeft UIInterfaceOrientationLandscapeRight";
				LD_RUNPATH_SEARCH_PATHS = (
					"$(inherited)",
					"@executable_path/Frameworks",
				);
				MARKETING_VERSION = 1.0;
				PRODUCT_BUNDLE_IDENTIFIER = INNOVAPPTIVE.DisplayingStaticLocationWithMapTypes;
				PRODUCT_NAME = "$(TARGET_NAME)";
				SWIFT_EMIT_LOC_STRINGS = YES;
				SWIFT_VERSION = 5.0;
				TARGETED_DEVICE_FAMILY = "1,2";
			};
			name = Release;
		};
/* End XCBuildConfiguration section */

/* Begin XCConfigurationList section */
		E175BBA429AE093200F503DC /* Build configuration list for PBXProject "DisplayingStaticLocationWithMapTypes" */ = {
			isa = XCConfigurationList;
			buildConfigurations = (
				E175BBBB29AE093300F503DC /* Debug */,
				E175BBBC29AE093300F503DC /* Release */,
			);
			defaultConfigurationIsVisible = 0;
			defaultConfigurationName = Release;
		};
		E175BBBD29AE093300F503DC /* Build configuration list for PBXNativeTarget "DisplayingStaticLocationWithMapTypes" */ = {
			isa = XCConfigurationList;
			buildConfigurations = (
				E175BBBE29AE093300F503DC /* Debug */,
				E175BBBF29AE093300F503DC /* Release */,
			);
			defaultConfigurationIsVisible = 0;
			defaultConfigurationName = Release;
		};
/* End XCConfigurationList section */
	};
	rootObject = E175BBA129AE093200F503DC /* Project object */;
}
