// !$*UTF8*$!
{
	archiveVersion = 1;
	classes = {
	};
	objectVersion = 56;
	objects = {

/* Begin PBXBuildFile section */
		E12869062BBF12BC0000766D /* redFort.txt in Resources */ = {isa = PBXBuildFile; fileRef = E12869002BBF12BC0000766D /* redFort.txt */; };
		E12869072BBF12BC0000766D /* redFortImage.jpeg in Resources */ = {isa = PBXBuildFile; fileRef = E12869012BBF12BC0000766D /* redFortImage.jpeg */; };
		E12869082BBF12BC0000766D /* charMinaaar.txt in Resources */ = {isa = PBXBuildFile; fileRef = E12869022BBF12BC0000766D /* charMinaaar.txt */; };
		E12869092BBF12BC0000766D /* charMinarImage.jpeg in Resources */ = {isa = PBXBuildFile; fileRef = E12869032BBF12BC0000766D /* charMinarImage.jpeg */; };
		E128690A2BBF12BC0000766D /* taj.txt in Resources */ = {isa = PBXBuildFile; fileRef = E12869042BBF12BC0000766D /* taj.txt */; };
		E128690B2BBF12BC0000766D /* tajImmage.jpeg in Resources */ = {isa = PBXBuildFile; fileRef = E12869052BBF12BC0000766D /* tajImmage.jpeg */; };
		E190EDFE2BBDC23B003E8510 /* AppDelegate.swift in Sources */ = {isa = PBXBuildFile; fileRef = E190EDFD2BBDC23B003E8510 /* AppDelegate.swift */; };
		E190EE002BBDC23B003E8510 /* SceneDelegate.swift in Sources */ = {isa = PBXBuildFile; fileRef = E190EDFF2BBDC23B003E8510 /* SceneDelegate.swift */; };
		E190EE022BBDC23B003E8510 /* ViewController.swift in Sources */ = {isa = PBXBuildFile; fileRef = E190EE012BBDC23B003E8510 /* ViewController.swift */; };
		E190EE052BBDC23B003E8510 /* Main.storyboard in Resources */ = {isa = PBXBuildFile; fileRef = E190EE032BBDC23B003E8510 /* Main.storyboard */; };
		E190EE072BBDC23B003E8510 /* Assets.xcassets in Resources */ = {isa = PBXBuildFile; fileRef = E190EE062BBDC23B003E8510 /* Assets.xcassets */; };
		E190EE0A2BBDC23B003E8510 /* LaunchScreen.storyboard in Resources */ = {isa = PBXBuildFile; fileRef = E190EE082BBDC23B003E8510 /* LaunchScreen.storyboard */; };
/* End PBXBuildFile section */

/* Begin PBXFileReference section */
		E12869002BBF12BC0000766D /* redFort.txt */ = {isa = PBXFileReference; fileEncoding = 4; lastKnownFileType = text; path = redFort.txt; sourceTree = "<group>"; };
		E12869012BBF12BC0000766D /* redFortImage.jpeg */ = {isa = PBXFileReference; lastKnownFileType = image.jpeg; path = redFortImage.jpeg; sourceTree = "<group>"; };
		E12869022BBF12BC0000766D /* charMinaaar.txt */ = {isa = PBXFileReference; fileEncoding = 4; lastKnownFileType = text; path = charMinaaar.txt; sourceTree = "<group>"; };
		E12869032BBF12BC0000766D /* charMinarImage.jpeg */ = {isa = PBXFileReference; lastKnownFileType = image.jpeg; path = charMinarImage.jpeg; sourceTree = "<group>"; };
		E12869042BBF12BC0000766D /* taj.txt */ = {isa = PBXFileReference; fileEncoding = 4; lastKnownFileType = text; path = taj.txt; sourceTree = "<group>"; };
		E12869052BBF12BC0000766D /* tajImmage.jpeg */ = {isa = PBXFileReference; lastKnownFileType = image.jpeg; path = tajImmage.jpeg; sourceTree = "<group>"; };
		E190EDFA2BBDC23B003E8510 /* stackViewsApp.app */ = {isa = PBXFileReference; explicitFileType = wrapper.application; includeInIndex = 0; path = stackViewsApp.app; sourceTree = BUILT_PRODUCTS_DIR; };
		E190EDFD2BBDC23B003E8510 /* AppDelegate.swift */ = {isa = PBXFileReference; lastKnownFileType = sourcecode.swift; path = AppDelegate.swift; sourceTree = "<group>"; };
		E190EDFF2BBDC23B003E8510 /* SceneDelegate.swift */ = {isa = PBXFileReference; lastKnownFileType = sourcecode.swift; path = SceneDelegate.swift; sourceTree = "<group>"; };
		E190EE012BBDC23B003E8510 /* ViewController.swift */ = {isa = PBXFileReference; lastKnownFileType = sourcecode.swift; path = ViewController.swift; sourceTree = "<group>"; };
		E190EE042BBDC23B003E8510 /* Base */ = {isa = PBXFileReference; lastKnownFileType = file.storyboard; name = Base; path = Base.lproj/Main.storyboard; sourceTree = "<group>"; };
		E190EE062BBDC23B003E8510 /* Assets.xcassets */ = {isa = PBXFileReference; lastKnownFileType = folder.assetcatalog; path = Assets.xcassets; sourceTree = "<group>"; };
		E190EE092BBDC23B003E8510 /* Base */ = {isa = PBXFileReference; lastKnownFileType = file.storyboard; name = Base; path = Base.lproj/LaunchScreen.storyboard; sourceTree = "<group>"; };
		E190EE0B2BBDC23B003E8510 /* Info.plist */ = {isa = PBXFileReference; lastKnownFileType = text.plist.xml; path = Info.plist; sourceTree = "<group>"; };
/* End PBXFileReference section */

/* Begin PBXFrameworksBuildPhase section */
		E190EDF72BBDC23B003E8510 /* Frameworks */ = {
			isa = PBXFrameworksBuildPhase;
			buildActionMask = 2147483647;
			files = (
			);
			runOnlyForDeploymentPostprocessing = 0;
		};
/* End PBXFrameworksBuildPhase section */

/* Begin PBXGroup section */
		E190EDF12BBDC23B003E8510 = {
			isa = PBXGroup;
			children = (
				E190EDFC2BBDC23B003E8510 /* stackViewsApp */,
				E190EDFB2BBDC23B003E8510 /* Products */,
			);
			sourceTree = "<group>";
		};
		E190EDFB2BBDC23B003E8510 /* Products */ = {
			isa = PBXGroup;
			children = (
				E190EDFA2BBDC23B003E8510 /* stackViewsApp.app */,
			);
			name = Products;
			sourceTree = "<group>";
		};
		E190EDFC2BBDC23B003E8510 /* stackViewsApp */ = {
			isa = PBXGroup;
			children = (
				E190EDFD2BBDC23B003E8510 /* AppDelegate.swift */,
				E190EDFF2BBDC23B003E8510 /* SceneDelegate.swift */,
				E190EE012BBDC23B003E8510 /* ViewController.swift */,
				E190EE032BBDC23B003E8510 /* Main.storyboard */,
				E190EE062BBDC23B003E8510 /* Assets.xcassets */,
				E190EE082BBDC23B003E8510 /* LaunchScreen.storyboard */,
				E190EE0B2BBDC23B003E8510 /* Info.plist */,
				E12869022BBF12BC0000766D /* charMinaaar.txt */,
				E12869032BBF12BC0000766D /* charMinarImage.jpeg */,
				E12869002BBF12BC0000766D /* redFort.txt */,
				E12869012BBF12BC0000766D /* redFortImage.jpeg */,
				E12869042BBF12BC0000766D /* taj.txt */,
				E12869052BBF12BC0000766D /* tajImmage.jpeg */,
			);
			path = stackViewsApp;
			sourceTree = "<group>";
		};
/* End PBXGroup section */

/* Begin PBXNativeTarget section */
		E190EDF92BBDC23B003E8510 /* stackViewsApp */ = {
			isa = PBXNativeTarget;
			buildConfigurationList = E190EE0E2BBDC23B003E8510 /* Build configuration list for PBXNativeTarget "stackViewsApp" */;
			buildPhases = (
				E190EDF62BBDC23B003E8510 /* Sources */,
				E190EDF72BBDC23B003E8510 /* Frameworks */,
				E190EDF82BBDC23B003E8510 /* Resources */,
			);
			buildRules = (
			);
			dependencies = (
			);
			name = stackViewsApp;
			productName = stackViewsApp;
			productReference = E190EDFA2BBDC23B003E8510 /* stackViewsApp.app */;
			productType = "com.apple.product-type.application";
		};
/* End PBXNativeTarget section */

/* Begin PBXProject section */
		E190EDF22BBDC23B003E8510 /* Project object */ = {
			isa = PBXProject;
			attributes = {
				BuildIndependentTargetsInParallel = 1;
				LastSwiftUpdateCheck = 1400;
				LastUpgradeCheck = 1400;
				TargetAttributes = {
					E190EDF92BBDC23B003E8510 = {
						CreatedOnToolsVersion = 14.0.1;
					};
				};
			};
			buildConfigurationList = E190EDF52BBDC23B003E8510 /* Build configuration list for PBXProject "stackViewsApp" */;
			compatibilityVersion = "Xcode 14.0";
			developmentRegion = en;
			hasScannedForEncodings = 0;
			knownRegions = (
				en,
				Base,
			);
			mainGroup = E190EDF12BBDC23B003E8510;
			productRefGroup = E190EDFB2BBDC23B003E8510 /* Products */;
			projectDirPath = "";
			projectRoot = "";
			targets = (
				E190EDF92BBDC23B003E8510 /* stackViewsApp */,
			);
		};
/* End PBXProject section */

/* Begin PBXResourcesBuildPhase section */
		E190EDF82BBDC23B003E8510 /* Resources */ = {
			isa = PBXResourcesBuildPhase;
			buildActionMask = 2147483647;
			files = (
				E190EE0A2BBDC23B003E8510 /* LaunchScreen.storyboard in Resources */,
				E12869072BBF12BC0000766D /* redFortImage.jpeg in Resources */,
				E190EE072BBDC23B003E8510 /* Assets.xcassets in Resources */,
				E190EE052BBDC23B003E8510 /* Main.storyboard in Resources */,
				E128690A2BBF12BC0000766D /* taj.txt in Resources */,
				E128690B2BBF12BC0000766D /* tajImmage.jpeg in Resources */,
				E12869082BBF12BC0000766D /* charMinaaar.txt in Resources */,
				E12869092BBF12BC0000766D /* charMinarImage.jpeg in Resources */,
				E12869062BBF12BC0000766D /* redFort.txt in Resources */,
			);
			runOnlyForDeploymentPostprocessing = 0;
		};
/* End PBXResourcesBuildPhase section */

/* Begin PBXSourcesBuildPhase section */
		E190EDF62BBDC23B003E8510 /* Sources */ = {
			isa = PBXSourcesBuildPhase;
			buildActionMask = 2147483647;
			files = (
				E190EE022BBDC23B003E8510 /* ViewController.swift in Sources */,
				E190EDFE2BBDC23B003E8510 /* AppDelegate.swift in Sources */,
				E190EE002BBDC23B003E8510 /* SceneDelegate.swift in Sources */,
			);
			runOnlyForDeploymentPostprocessing = 0;
		};
/* End PBXSourcesBuildPhase section */

/* Begin PBXVariantGroup section */
		E190EE032BBDC23B003E8510 /* Main.storyboard */ = {
			isa = PBXVariantGroup;
			children = (
				E190EE042BBDC23B003E8510 /* Base */,
			);
			name = Main.storyboard;
			sourceTree = "<group>";
		};
		E190EE082BBDC23B003E8510 /* LaunchScreen.storyboard */ = {
			isa = PBXVariantGroup;
			children = (
				E190EE092BBDC23B003E8510 /* Base */,
			);
			name = LaunchScreen.storyboard;
			sourceTree = "<group>";
		};
/* End PBXVariantGroup section */

/* Begin XCBuildConfiguration section */
		E190EE0C2BBDC23B003E8510 /* Debug */ = {
			isa = XCBuildConfiguration;
			buildSettings = {
				ALWAYS_SEARCH_USER_PATHS = NO;
				CLANG_ANALYZER_NONNULL = YES;
				CLANG_ANALYZER_NUMBER_OBJECT_CONVERSION = YES_AGGRESSIVE;
				CLANG_CXX_LANGUAGE_STANDARD = "gnu++20";
				CLANG_ENABLE_MODULES = YES;
				CLANG_ENABLE_OBJC_ARC = YES;
				CLANG_ENABLE_OBJC_WEAK = YES;
				CLANG_WARN_BLOCK_CAPTURE_AUTORELEASING = YES;
				CLANG_WARN_BOOL_CONVERSION = YES;
				CLANG_WARN_COMMA = YES;
				CLANG_WARN_CONSTANT_CONVERSION = YES;
				CLANG_WARN_DEPRECATED_OBJC_IMPLEMENTATIONS = YES;
				CLANG_WARN_DIRECT_OBJC_ISA_USAGE = YES_ERROR;
				CLANG_WARN_DOCUMENTATION_COMMENTS = YES;
				CLANG_WARN_EMPTY_BODY = YES;
				CLANG_WARN_ENUM_CONVERSION = YES;
				CLANG_WARN_INFINITE_RECURSION = YES;
				CLANG_WARN_INT_CONVERSION = YES;
				CLANG_WARN_NON_LITERAL_NULL_CONVERSION = YES;
				CLANG_WARN_OBJC_IMPLICIT_RETAIN_SELF = YES;
				CLANG_WARN_OBJC_LITERAL_CONVERSION = YES;
				CLANG_WARN_OBJC_ROOT_CLASS = YES_ERROR;
				CLANG_WARN_QUOTED_INCLUDE_IN_FRAMEWORK_HEADER = YES;
				CLANG_WARN_RANGE_LOOP_ANALYSIS = YES;
				CLANG_WARN_STRICT_PROTOTYPES = YES;
				CLANG_WARN_SUSPICIOUS_MOVE = YES;
				CLANG_WARN_UNGUARDED_AVAILABILITY = YES_AGGRESSIVE;
				CLANG_WARN_UNREACHABLE_CODE = YES;
				CLANG_WARN__DUPLICATE_METHOD_MATCH = YES;
				COPY_PHASE_STRIP = NO;
				DEBUG_INFORMATION_FORMAT = dwarf;
				ENABLE_STRICT_OBJC_MSGSEND = YES;
				ENABLE_TESTABILITY = YES;
				GCC_C_LANGUAGE_STANDARD = gnu11;
				GCC_DYNAMIC_NO_PIC = NO;
				GCC_NO_COMMON_BLOCKS = YES;
				GCC_OPTIMIZATION_LEVEL = 0;
				GCC_PREPROCESSOR_DEFINITIONS = (
					"DEBUG=1",
					"$(inherited)",
				);
				GCC_WARN_64_TO_32_BIT_CONVERSION = YES;
				GCC_WARN_ABOUT_RETURN_TYPE = YES_ERROR;
				GCC_WARN_UNDECLARED_SELECTOR = YES;
				GCC_WARN_UNINITIALIZED_AUTOS = YES_AGGRESSIVE;
				GCC_WARN_UNUSED_FUNCTION = YES;
				GCC_WARN_UNUSED_VARIABLE = YES;
				IPHONEOS_DEPLOYMENT_TARGET = 16.0;
				MTL_ENABLE_DEBUG_INFO = INCLUDE_SOURCE;
				MTL_FAST_MATH = YES;
				ONLY_ACTIVE_ARCH = YES;
				SDKROOT = iphoneos;
				SWIFT_ACTIVE_COMPILATION_CONDITIONS = DEBUG;
				SWIFT_OPTIMIZATION_LEVEL = "-Onone";
			};
			name = Debug;
		};
		E190EE0D2BBDC23B003E8510 /* Release */ = {
			isa = XCBuildConfiguration;
			buildSettings = {
				ALWAYS_SEARCH_USER_PATHS = NO;
				CLANG_ANALYZER_NONNULL = YES;
				CLANG_ANALYZER_NUMBER_OBJECT_CONVERSION = YES_AGGRESSIVE;
				CLANG_CXX_LANGUAGE_STANDARD = "gnu++20";
				CLANG_ENABLE_MODULES = YES;
				CLANG_ENABLE_OBJC_ARC = YES;
				CLANG_ENABLE_OBJC_WEAK = YES;
				CLANG_WARN_BLOCK_CAPTURE_AUTORELEASING = YES;
				CLANG_WARN_BOOL_CONVERSION = YES;
				CLANG_WARN_COMMA = YES;
				CLANG_WARN_CONSTANT_CONVERSION = YES;
				CLANG_WARN_DEPRECATED_OBJC_IMPLEMENTATIONS = YES;
				CLANG_WARN_DIRECT_OBJC_ISA_USAGE = YES_ERROR;
				CLANG_WARN_DOCUMENTATION_COMMENTS = YES;
				CLANG_WARN_EMPTY_BODY = YES;
				CLANG_WARN_ENUM_CONVERSION = YES;
				CLANG_WARN_INFINITE_RECURSION = YES;
				CLANG_WARN_INT_CONVERSION = YES;
				CLANG_WARN_NON_LITERAL_NULL_CONVERSION = YES;
				CLANG_WARN_OBJC_IMPLICIT_RETAIN_SELF = YES;
				CLANG_WARN_OBJC_LITERAL_CONVERSION = YES;
				CLANG_WARN_OBJC_ROOT_CLASS = YES_ERROR;
				CLANG_WARN_QUOTED_INCLUDE_IN_FRAMEWORK_HEADER = YES;
				CLANG_WARN_RANGE_LOOP_ANALYSIS = YES;
				CLANG_WARN_STRICT_PROTOTYPES = YES;
				CLANG_WARN_SUSPICIOUS_MOVE = YES;
				CLANG_WARN_UNGUARDED_AVAILABILITY = YES_AGGRESSIVE;
				CLANG_WARN_UNREACHABLE_CODE = YES;
				CLANG_WARN__DUPLICATE_METHOD_MATCH = YES;
				COPY_PHASE_STRIP = NO;
				DEBUG_INFORMATION_FORMAT = "dwarf-with-dsym";
				ENABLE_NS_ASSERTIONS = NO;
				ENABLE_STRICT_OBJC_MSGSEND = YES;
				GCC_C_LANGUAGE_STANDARD = gnu11;
				GCC_NO_COMMON_BLOCKS = YES;
				GCC_WARN_64_TO_32_BIT_CONVERSION = YES;
				GCC_WARN_ABOUT_RETURN_TYPE = YES_ERROR;
				GCC_WARN_UNDECLARED_SELECTOR = YES;
				GCC_WARN_UNINITIALIZED_AUTOS = YES_AGGRESSIVE;
				GCC_WARN_UNUSED_FUNCTION = YES;
				GCC_WARN_UNUSED_VARIABLE = YES;
				IPHONEOS_DEPLOYMENT_TARGET = 16.0;
				MTL_ENABLE_DEBUG_INFO = NO;
				MTL_FAST_MATH = YES;
				SDKROOT = iphoneos;
				SWIFT_COMPILATION_MODE = wholemodule;
				SWIFT_OPTIMIZATION_LEVEL = "-O";
				VALIDATE_PRODUCT = YES;
			};
			name = Release;
		};
		E190EE0F2BBDC23B003E8510 /* Debug */ = {
			isa = XCBuildConfiguration;
			buildSettings = {
				ASSETCATALOG_COMPILER_APPICON_NAME = AppIcon;
				ASSETCATALOG_COMPILER_GLOBAL_ACCENT_COLOR_NAME = AccentColor;
				CODE_SIGN_STYLE = Automatic;
				CURRENT_PROJECT_VERSION = 1;
				GENERATE_INFOPLIST_FILE = YES;
				INFOPLIST_FILE = stackViewsApp/Info.plist;
				INFOPLIST_KEY_UIApplicationSupportsIndirectInputEvents = YES;
				INFOPLIST_KEY_UILaunchStoryboardName = LaunchScreen;
				INFOPLIST_KEY_UIMainStoryboardFile = Main;
				INFOPLIST_KEY_UISupportedInterfaceOrientations_iPad = "UIInterfaceOrientationPortrait UIInterfaceOrientationPortraitUpsideDown UIInterfaceOrientationLandscapeLeft UIInterfaceOrientationLandscapeRight";
				INFOPLIST_KEY_UISupportedInterfaceOrientations_iPhone = "UIInterfaceOrientationPortrait UIInterfaceOrientationLandscapeLeft UIInterfaceOrientationLandscapeRight";
				LD_RUNPATH_SEARCH_PATHS = (
					"$(inherited)",
					"@executable_path/Frameworks",
				);
				MARKETING_VERSION = 1.0;
				PRODUCT_BUNDLE_IDENTIFIER = INNOVAPPTIVE.stackViewsApp;
				PRODUCT_NAME = "$(TARGET_NAME)";
				SWIFT_EMIT_LOC_STRINGS = YES;
				SWIFT_VERSION = 5.0;
				TARGETED_DEVICE_FAMILY = "1,2";
			};
			name = Debug;
		};
		E190EE102BBDC23B003E8510 /* Release */ = {
			isa = XCBuildConfiguration;
			buildSettings = {
				ASSETCATALOG_COMPILER_APPICON_NAME = AppIcon;
				ASSETCATALOG_COMPILER_GLOBAL_ACCENT_COLOR_NAME = AccentColor;
				CODE_SIGN_STYLE = Automatic;
				CURRENT_PROJECT_VERSION = 1;
				GENERATE_INFOPLIST_FILE = YES;
				INFOPLIST_FILE = stackViewsApp/Info.plist;
				INFOPLIST_KEY_UIApplicationSupportsIndirectInputEvents = YES;
				INFOPLIST_KEY_UILaunchStoryboardName = LaunchScreen;
				INFOPLIST_KEY_UIMainStoryboardFile = Main;
				INFOPLIST_KEY_UISupportedInterfaceOrientations_iPad = "UIInterfaceOrientationPortrait UIInterfaceOrientationPortraitUpsideDown UIInterfaceOrientationLandscapeLeft UIInterfaceOrientationLandscapeRight";
				INFOPLIST_KEY_UISupportedInterfaceOrientations_iPhone = "UIInterfaceOrientationPortrait UIInterfaceOrientationLandscapeLeft UIInterfaceOrientationLandscapeRight";
				LD_RUNPATH_SEARCH_PATHS = (
					"$(inherited)",
					"@executable_path/Frameworks",
				);
				MARKETING_VERSION = 1.0;
				PRODUCT_BUNDLE_IDENTIFIER = INNOVAPPTIVE.stackViewsApp;
				PRODUCT_NAME = "$(TARGET_NAME)";
				SWIFT_EMIT_LOC_STRINGS = YES;
				SWIFT_VERSION = 5.0;
				TARGETED_DEVICE_FAMILY = "1,2";
			};
			name = Release;
		};
/* End XCBuildConfiguration section */

/* Begin XCConfigurationList section */
		E190EDF52BBDC23B003E8510 /* Build configuration list for PBXProject "stackViewsApp" */ = {
			isa = XCConfigurationList;
			buildConfigurations = (
				E190EE0C2BBDC23B003E8510 /* Debug */,
				E190EE0D2BBDC23B003E8510 /* Release */,
			);
			defaultConfigurationIsVisible = 0;
			defaultConfigurationName = Release;
		};
		E190EE0E2BBDC23B003E8510 /* Build configuration list for PBXNativeTarget "stackViewsApp" */ = {
			isa = XCConfigurationList;
			buildConfigurations = (
				E190EE0F2BBDC23B003E8510 /* Debug */,
				E190EE102BBDC23B003E8510 /* Release */,
			);
			defaultConfigurationIsVisible = 0;
			defaultConfigurationName = Release;
		};
/* End XCConfigurationList section */
	};
	rootObject = E190EDF22BBDC23B003E8510 /* Project object */;
}
